
Microsoft Visual Studio Solution File, Format Version 12.00
# Visual Studio Version 16
VisualStudioVersion = 16.0.30204.135
MinimumVisualStudioVersion = 10.0.40219.1
Project("{FAE04EC0-301F-11D3-BF4B-00C04F79EFBC}") = "ControllerViewRelation", "ControllerViewRelation.csproj", "{283EB5FE-AE26-4676-8531-3DA8BBA75980}"
EndProject
Global
	GlobalSection(SolutionConfigurationPlatforms) = preSolution
		Debug|Any CPU = Debug|Any CPU
		Release|Any CPU = Release|Any CPU
	EndGlobalSection
	GlobalSection(ProjectConfigurationPlatforms) = postSolution
		{283EB5FE-AE26-4676-8531-3DA8BBA75980}.Debug|Any CPU.ActiveCfg = Debug|Any CPU
		{283EB5FE-AE26-4676-8531-3DA8BBA75980}.Debug|Any CPU.Build.0 = Debug|Any CPU
		{283EB5FE-AE26-4676-8531-3DA8BBA75980}.Release|Any CPU.ActiveCfg = Release|Any CPU
		{283EB5FE-AE26-4676-8531-3DA8BBA75980}.Release|Any CPU.Build.0 = Release|Any CPU
	EndGlobalSection
	GlobalSection(SolutionProperties) = preSolution
		HideSolutionNode = FALSE
	EndGlobalSection
	GlobalSection(ExtensibilityGlobals) = postSolution
		SolutionGuid = {DA17C840-593E-4D63-9CB1-51CC03C917BA}
	EndGlobalSection
EndGlobal
